
Microsoft Visual Studio Solution File, Format Version 12.00
# Visual Studio Version 16
VisualStudioVersion = 16.0.30114.105
MinimumVisualStudioVersion = 10.0.40219.1
Project("{FAE04EC0-301F-11D3-BF4B-00C04F79EFBC}") = "GUI", "GUI\GUI.csproj", "{B2FD71E5-1204-40D3-BE2A-DF70DC7ECE81}"
EndProject
Global
	GlobalSection(SolutionConfigurationPlatforms) = preSolution
		Debug|Any CPU = Debug|Any CPU
		Release|Any CPU = Release|Any CPU
	EndGlobalSection
	GlobalSection(ProjectConfigurationPlatforms) = postSolution
		{B2FD71E5-1204-40D3-BE2A-DF70DC7ECE81}.Debug|Any CPU.ActiveCfg = Debug|Any CPU
		{B2FD71E5-1204-40D3-BE2A-DF70DC7ECE81}.Debug|Any CPU.Build.0 = Debug|Any CPU
		{B2FD71E5-1204-40D3-BE2A-DF70DC7ECE81}.Release|Any CPU.ActiveCfg = Release|Any CPU
		{B2FD71E5-1204-40D3-BE2A-DF70DC7ECE81}.Release|Any CPU.Build.0 = Release|Any CPU
	EndGlobalSection
	GlobalSection(SolutionProperties) = preSolution
		HideSolutionNode = FALSE
	EndGlobalSection
	GlobalSection(ExtensibilityGlobals) = postSolution
		SolutionGuid = {4C273A6F-5441-458A-B4DD-BCDC6E5C7286}
	EndGlobalSection
EndGlobal
